
Microsoft Visual Studio Solution File, Format Version 12.00
# Visual Studio Version 17
VisualStudioVersion = 17.14.37027.9
MinimumVisualStudioVersion = 10.0.40219.1
Project("{FAE04EC0-301F-11D3-BF4B-00C04F79EFBC}") = "Demo-Tableau-01", "Demo-Tableau-01\Demo-Tableau-01.csproj", "{15A30E71-4B3B-43BB-8064-8788E5D64EDA}"
EndProject
Project("{FAE04EC0-301F-11D3-BF4B-00C04F79EFBC}") = "Demo-Tableau-02", "Demo-Tableau-02\Demo-Tableau-02.csproj", "{A7A0122B-7B27-45D4-86CA-951E081182C7}"
EndProject
Project("{FAE04EC0-301F-11D3-BF4B-00C04F79EFBC}") = "Demo-Tableau-03", "Demo-Tableau-03\Demo-Tableau-03.csproj", "{56C6F6AC-3539-4CFE-B4D4-5BB65B98CA3C}"
EndProject
Project("{FAE04EC0-301F-11D3-BF4B-00C04F79EFBC}") = "Demo-Tableau-04", "Demo-Tableau-04\Demo-Tableau-04.csproj", "{5A96A866-F399-4DFC-818B-0D74C8065FEC}"
EndProject
Project("{FAE04EC0-301F-11D3-BF4B-00C04F79EFBC}") = "Exo-Tableau-Temperature", "Exo-Tableau-Temperature\Exo-Tableau-Temperature.csproj", "{709B4EFF-6940-4140-A38A-947D7B2B2DF4}"
EndProject
Project("{FAE04EC0-301F-11D3-BF4B-00C04F79EFBC}") = "Demo-Aleatoire", "Demo-Aleatoire\Demo-Aleatoire.csproj", "{CFEEABC6-4388-41AD-A282-D5C6D8F734A6}"
EndProject
Project("{FAE04EC0-301F-11D3-BF4B-00C04F79EFBC}") = "Exo-Tableau-PierrePapierCiseaux", "Exo-Tableau-PierrePapierCiseaux\Exo-Tableau-PierrePapierCiseaux.csproj", "{38E56D35-7C03-485F-99DC-8656A2F1619C}"
EndProject
Project("{FAE04EC0-301F-11D3-BF4B-00C04F79EFBC}") = "Demo-Tableau-05", "Demo-Tableau-05\Demo-Tableau-05.csproj", "{9EC3EA7E-CC10-47E5-8222-50846D209E65}"
EndProject
Project("{FAE04EC0-301F-11D3-BF4B-00C04F79EFBC}") = "Demo-Collection-01", "Demo-Collection-01\Demo-Collection-01.csproj", "{B285A41B-6DBF-4E54-B25F-DE3B0D3E078A}"
EndProject
Project("{FAE04EC0-301F-11D3-BF4B-00C04F79EFBC}") = "Demo-Collection-02", "Demo-Collection-02\Demo-Collection-02.csproj", "{95A31B74-25DB-4B05-9C12-62485E5C0396}"
EndProject
Project("{FAE04EC0-301F-11D3-BF4B-00C04F79EFBC}") = "Demo-Collection-03", "Demo-Collection-03\Demo-Collection-03.csproj", "{63010DC0-5F08-4A16-A987-AFCA1CA225D0}"
EndProject
Project("{FAE04EC0-301F-11D3-BF4B-00C04F79EFBC}") = "Demo-Collection-04", "Demo-Collection-04\Demo-Collection-04.csproj", "{EBBE5449-9BA2-49FF-93D4-7EF4444E7531}"
EndProject
Project("{FAE04EC0-301F-11D3-BF4B-00C04F79EFBC}") = "Exo-Collection-ToDoList", "Exo-Collection-ToDoList\Exo-Collection-ToDoList.csproj", "{F997F081-788D-431E-A016-AE118C369AA0}"
EndProject
Global
	GlobalSection(SolutionConfigurationPlatforms) = preSolution
		Debug|Any CPU = Debug|Any CPU
		Release|Any CPU = Release|Any CPU
	EndGlobalSection
	GlobalSection(ProjectConfigurationPlatforms) = postSolution
		{15A30E71-4B3B-43BB-8064-8788E5D64EDA}.Debug|Any CPU.ActiveCfg = Debug|Any CPU
		{15A30E71-4B3B-43BB-8064-8788E5D64EDA}.Debug|Any CPU.Build.0 = Debug|Any CPU
		{15A30E71-4B3B-43BB-8064-8788E5D64EDA}.Release|Any CPU.ActiveCfg = Release|Any CPU
		{15A30E71-4B3B-43BB-8064-8788E5D64EDA}.Release|Any CPU.Build.0 = Release|Any CPU
		{A7A0122B-7B27-45D4-86CA-951E081182C7}.Debug|Any CPU.ActiveCfg = Debug|Any CPU
		{A7A0122B-7B27-45D4-86CA-951E081182C7}.Debug|Any CPU.Build.0 = Debug|Any CPU
		{A7A0122B-7B27-45D4-86CA-951E081182C7}.Release|Any CPU.ActiveCfg = Release|Any CPU
		{A7A0122B-7B27-45D4-86CA-951E081182C7}.Release|Any CPU.Build.0 = Release|Any CPU
		{56C6F6AC-3539-4CFE-B4D4-5BB65B98CA3C}.Debug|Any CPU.ActiveCfg = Debug|Any CPU
		{56C6F6AC-3539-4CFE-B4D4-5BB65B98CA3C}.Debug|Any CPU.Build.0 = Debug|Any CPU
		{56C6F6AC-3539-4CFE-B4D4-5BB65B98CA3C}.Release|Any CPU.ActiveCfg = Release|Any CPU
		{56C6F6AC-3539-4CFE-B4D4-5BB65B98CA3C}.Release|Any CPU.Build.0 = Release|Any CPU
		{5A96A866-F399-4DFC-818B-0D74C8065FEC}.Debug|Any CPU.ActiveCfg = Debug|Any CPU
		{5A96A866-F399-4DFC-818B-0D74C8065FEC}.Debug|Any CPU.Build.0 = Debug|Any CPU
		{5A96A866-F399-4DFC-818B-0D74C8065FEC}.Release|Any CPU.ActiveCfg = Release|Any CPU
		{5A96A866-F399-4DFC-818B-0D74C8065FEC}.Release|Any CPU.Build.0 = Release|Any CPU
		{709B4EFF-6940-4140-A38A-947D7B2B2DF4}.Debug|Any CPU.ActiveCfg = Debug|Any CPU
		{709B4EFF-6940-4140-A38A-947D7B2B2DF4}.Debug|Any CPU.Build.0 = Debug|Any CPU
		{709B4EFF-6940-4140-A38A-947D7B2B2DF4}.Release|Any CPU.ActiveCfg = Release|Any CPU
		{709B4EFF-6940-4140-A38A-947D7B2B2DF4}.Release|Any CPU.Build.0 = Release|Any CPU
		{CFEEABC6-4388-41AD-A282-D5C6D8F734A6}.Debug|Any CPU.ActiveCfg = Debug|Any CPU
		{CFEEABC6-4388-41AD-A282-D5C6D8F734A6}.Debug|Any CPU.Build.0 = Debug|Any CPU
		{CFEEABC6-4388-41AD-A282-D5C6D8F734A6}.Release|Any CPU.ActiveCfg = Release|Any CPU
		{CFEEABC6-4388-41AD-A282-D5C6D8F734A6}.Release|Any CPU.Build.0 = Release|Any CPU
		{38E56D35-7C03-485F-99DC-8656A2F1619C}.Debug|Any CPU.ActiveCfg = Debug|Any CPU
		{38E56D35-7C03-485F-99DC-8656A2F1619C}.Debug|Any CPU.Build.0 = Debug|Any CPU
		{38E56D35-7C03-485F-99DC-8656A2F1619C}.Release|Any CPU.ActiveCfg = Release|Any CPU
		{38E56D35-7C03-485F-99DC-8656A2F1619C}.Release|Any CPU.Build.0 = Release|Any CPU
		{9EC3EA7E-CC10-47E5-8222-50846D209E65}.Debug|Any CPU.ActiveCfg = Debug|Any CPU
		{9EC3EA7E-CC10-47E5-8222-50846D209E65}.Debug|Any CPU.Build.0 = Debug|Any CPU
		{9EC3EA7E-CC10-47E5-8222-50846D209E65}.Release|Any CPU.ActiveCfg = Release|Any CPU
		{9EC3EA7E-CC10-47E5-8222-50846D209E65}.Release|Any CPU.Build.0 = Release|Any CPU
		{B285A41B-6DBF-4E54-B25F-DE3B0D3E078A}.Debug|Any CPU.ActiveCfg = Debug|Any CPU
		{B285A41B-6DBF-4E54-B25F-DE3B0D3E078A}.Debug|Any CPU.Build.0 = Debug|Any CPU
		{B285A41B-6DBF-4E54-B25F-DE3B0D3E078A}.Release|Any CPU.ActiveCfg = Release|Any CPU
		{B285A41B-6DBF-4E54-B25F-DE3B0D3E078A}.Release|Any CPU.Build.0 = Release|Any CPU
		{95A31B74-25DB-4B05-9C12-62485E5C0396}.Debug|Any CPU.ActiveCfg = Debug|Any CPU
		{95A31B74-25DB-4B05-9C12-62485E5C0396}.Debug|Any CPU.Build.0 = Debug|Any CPU
		{95A31B74-25DB-4B05-9C12-62485E5C0396}.Release|Any CPU.ActiveCfg = Release|Any CPU
		{95A31B74-25DB-4B05-9C12-62485E5C0396}.Release|Any CPU.Build.0 = Release|Any CPU
		{63010DC0-5F08-4A16-A987-AFCA1CA225D0}.Debug|Any CPU.ActiveCfg = Debug|Any CPU
		{63010DC0-5F08-4A16-A987-AFCA1CA225D0}.Debug|Any CPU.Build.0 = Debug|Any CPU
		{63010DC0-5F08-4A16-A987-AFCA1CA225D0}.Release|Any CPU.ActiveCfg = Release|Any CPU
		{63010DC0-5F08-4A16-A987-AFCA1CA225D0}.Release|Any CPU.Build.0 = Release|Any CPU
		{EBBE5449-9BA2-49FF-93D4-7EF4444E7531}.Debug|Any CPU.ActiveCfg = Debug|Any CPU
		{EBBE5449-9BA2-49FF-93D4-7EF4444E7531}.Debug|Any CPU.Build.0 = Debug|Any CPU
		{EBBE5449-9BA2-49FF-93D4-7EF4444E7531}.Release|Any CPU.ActiveCfg = Release|Any CPU
		{EBBE5449-9BA2-49FF-93D4-7EF4444E7531}.Release|Any CPU.Build.0 = Release|Any CPU
		{F997F081-788D-431E-A016-AE118C369AA0}.Debug|Any CPU.ActiveCfg = Debug|Any CPU
		{F997F081-788D-431E-A016-AE118C369AA0}.Debug|Any CPU.Build.0 = Debug|Any CPU
		{F997F081-788D-431E-A016-AE118C369AA0}.Release|Any CPU.ActiveCfg = Release|Any CPU
		{F997F081-788D-431E-A016-AE118C369AA0}.Release|Any CPU.Build.0 = Release|Any CPU
	EndGlobalSection
	GlobalSection(SolutionProperties) = preSolution
		HideSolutionNode = FALSE
	EndGlobalSection
	GlobalSection(ExtensibilityGlobals) = postSolution
		SolutionGuid = {E9E2C306-567C-4A4B-ABAE-850EB30915C9}
	EndGlobalSection
EndGlobal
